PODS:
  - exception_toast (0.0.2):
    - Flutter
  - Flutter (1.0.0)

DEPENDENCIES:
  - exception_toast (from `.symlinks/plugins/exception_toast/ios`)
  - Flutter (from `Flutter`)

EXTERNAL SOURCES:
  exception_toast:
    :path: ".symlinks/plugins/exception_toast/ios"
  Flutter:
    :path: Flutter

SPEC CHECKSUMS:
  exception_toast: f305c05564d53204fde2ea1f2df4c4caa69087d3
  Flutter: 0e3d915762c693b495b44d77113d4970485de6ec

PODFILE CHECKSUM: 1b66dae606f75376c5f2135a8290850eeb09ae83

COCOAPODS: 1.8.4
